// !$*UTF8*$!
{
	archiveVersion = 1;
	classes = {
	};
	objectVersion = 46;
	objects = {

/* Begin PBXBuildFile section */
		2D0622F71DCE64960079E366 /* AppDelegate.swift in Sources */ = {isa = PBXBuildFile; fileRef = 2D0622F61DCE64960079E366 /* AppDelegate.swift */; };
		2D0622F91DCE64960079E366 /* ViewController.swift in Sources */ = {isa = PBXBuildFile; fileRef = 2D0622F81DCE64960079E366 /* ViewController.swift */; };
		2D0622FC1DCE64960079E366 /* Main.storyboard in Resources */ = {isa = PBXBuildFile; fileRef = 2D0622FA1DCE64960079E366 /* Main.storyboard */; };
		2D0622FE1DCE64960079E366 /* Assets.xcassets in Resources */ = {isa = PBXBuildFile; fileRef = 2D0622FD1DCE64960079E366 /* Assets.xcassets */; };
		2D0623011DCE64960079E366 /* LaunchScreen.storyboard in Resources */ = {isa = PBXBuildFile; fileRef = 2D0622FF1DCE64960079E366 /* LaunchScreen.storyboard */; };
/* End PBXBuildFile section */

/* Begin PBXFileReference section */
		2D0622F31DCE64960079E366 /* HandlingOrientations.app */ = {isa = PBXFileReference; explicitFileType = wrapper.application; includeInIndex = 0; path = HandlingOrientations.app; sourceTree = BUILT_PRODUCTS_DIR; };
		2D0622F61DCE64960079E366 /* AppDelegate.swift */ = {isa = PBXFileReference; lastKnownFileType = sourcecode.swift; path = AppDelegate.swift; sourceTree = "<group>"; };
		2D0622F81DCE64960079E366 /* ViewController.swift */ = {isa = PBXFileReference; lastKnownFileType = sourcecode.swift; path = ViewController.swift; sourceTree = "<group>"; };
		2D0622FB1DCE64960079E366 /* Base */ = {isa = PBXFileReference; lastKnownFileType = file.storyboard; name = Base; path = Base.lproj/Main.storyboard; sourceTree = "<group>"; };
		2D0622FD1DCE64960079E366 /* Assets.xcassets */ = {isa = PBXFileReference; lastKnownFileType = folder.assetcatalog; path = Assets.xcassets; sourceTree = "<group>"; };
		2D0623001DCE64960079E366 /* Base */ = {isa = PBXFileReference; lastKnownFileType = file.storyboard; name = Base; path = Base.lproj/LaunchScreen.storyboard; sourceTree = "<group>"; };
		2D0623021DCE64960079E366 /* Info.plist */ = {isa = PBXFileReference; lastKnownFileType = text.plist.xml; path = Info.plist; sourceTree = "<group>"; };
/* End PBXFileReference section */

/* Begin PBXFrameworksBuildPhase section */
		2D0622F01DCE64960079E366 /* Frameworks */ = {
			isa = PBXFrameworksBuildPhase;
			buildActionMask = 2147483647;
			files = (
			);
			runOnlyForDeploymentPostprocessing = 0;
		};
/* End PBXFrameworksBuildPhase section */

/* Begin PBXGroup section */
		2D0622EA1DCE64960079E366 = {
			isa = PBXGroup;
			children = (
				2D0622F51DCE64960079E366 /* HandlingOrientations */,
				2D0622F41DCE64960079E366 /* Products */,
			);
			sourceTree = "<group>";
		};
		2D0622F41DCE64960079E366 /* Products */ = {
			isa = PBXGroup;
			children = (
				2D0622F31DCE64960079E366 /* HandlingOrientations.app */,
			);
			name = Products;
			sourceTree = "<group>";
		};
		2D0622F51DCE64960079E366 /* HandlingOrientations */ = {
			isa = PBXGroup;
			children = (
				2D0622F61DCE64960079E366 /* AppDelegate.swift */,
				2D0622F81DCE64960079E366 /* ViewController.swift */,
				2D0622FA1DCE64960079E366 /* Main.storyboard */,
				2D0622FD1DCE64960079E366 /* Assets.xcassets */,
				2D0622FF1DCE64960079E366 /* LaunchScreen.storyboard */,
				2D0623021DCE64960079E366 /* Info.plist */,
			);
			path = HandlingOrientations;
			sourceTree = "<group>";
		};
/* End PBXGroup section */

/* Begin PBXNativeTarget section */
		2D0622F21DCE64960079E366 /* HandlingOrientations */ = {
			isa = PBXNativeTarget;
			buildConfigurationList = 2D0623051DCE64960079E366 /* Build configuration list for PBXNativeTarget "HandlingOrientations" */;
			buildPhases = (
				2D0622EF1DCE64960079E366 /* Sources */,
				2D0622F01DCE64960079E366 /* Frameworks */,
				2D0622F11DCE64960079E366 /* Resources */,
			);
			buildRules = (
			);
			dependencies = (
			);
			name = HandlingOrientations;
			productName = HandlingOrientations;
			productReference = 2D0622F31DCE64960079E366 /* HandlingOrientations.app */;
			productType = "com.apple.product-type.application";
		};
/* End PBXNativeTarget section */

/* Begin PBXProject section */
		2D0622EB1DCE64960079E366 /* Project object */ = {
			isa = PBXProject;
			attributes = {
				LastSwiftUpdateCheck = 0800;
				LastUpgradeCheck = 0800;
				ORGANIZATIONNAME = droid;
				TargetAttributes = {
					2D0622F21DCE64960079E366 = {
						CreatedOnToolsVersion = 8.0;
						ProvisioningStyle = Automatic;
					};
				};
			};
			buildConfigurationList = 2D0622EE1DCE64960079E366 /* Build configuration list for PBXProject "HandlingOrientations" */;
			compatibilityVersion = "Xcode 3.2";
			developmentRegion = English;
			hasScannedForEncodings = 0;
			knownRegions = (
				en,
				Base,
			);
			mainGroup = 2D0622EA1DCE64960079E366;
			productRefGroup = 2D0622F41DCE64960079E366 /* Products */;
			projectDirPath = "";
			projectRoot = "";
			targets = (
				2D0622F21DCE64960079E366 /* HandlingOrientations */,
			);
		};
/* End PBXProject section */

/* Begin PBXResourcesBuildPhase section */
		2D0622F11DCE64960079E366 /* Resources */ = {
			isa = PBXResourcesBuildPhase;
			buildActionMask = 2147483647;
			files = (
				2D0623011DCE64960079E366 /* LaunchScreen.storyboard in Resources */,
				2D0622FE1DCE64960079E366 /* Assets.xcassets in Resources */,
				2D0622FC1DCE64960079E366 /* Main.storyboard in Resources */,
			);
			runOnlyForDeploymentPostprocessing = 0;
		};
/* End PBXResourcesBuildPhase section */

/* Begin PBXSourcesBuildPhase section */
		2D0622EF1DCE64960079E366 /* Sources */ = {
			isa = PBXSourcesBuildPhase;
			buildActionMask = 2147483647;
			files = (
				2D0622F91DCE64960079E366 /* ViewController.swift in Sources */,
				2D0622F71DCE64960079E366 /* AppDelegate.swift in Sources */,
			);
			runOnlyForDeploymentPostprocessing = 0;
		};
/* End PBXSourcesBuildPhase section */

/* Begin PBXVariantGroup section */
		2D0622FA1DCE64960079E366 /* Main.storyboard */ = {
			isa = PBXVariantGroup;
			children = (
				2D0622FB1DCE64960079E366 /* Base */,
			);
			name = Main.storyboard;
			sourceTree = "<group>";
		};
		2D0622FF1DCE64960079E366 /* LaunchScreen.storyboard */ = {
			isa = PBXVariantGroup;
			children = (
				2D0623001DCE64960079E366 /* Base */,
			);
			name = LaunchScreen.storyboard;
			sourceTree = "<group>";
		};
/* End PBXVariantGroup section */

/* Begin XCBuildConfiguration section */
		2D0623031DCE64960079E366 /* Debug */ = {
			isa = XCBuildConfiguration;
			buildSettings = {
				ALWAYS_SEARCH_USER_PATHS = NO;
				CLANG_ANALYZER_NONNULL = YES;
				CLANG_CXX_LANGUAGE_STANDARD = "gnu++0x";
				CLANG_CXX_LIBRARY = "libc++";
				CLANG_ENABLE_MODULES = YES;
				CLANG_ENABLE_OBJC_ARC = YES;
				CLANG_WARN_BOOL_CONVERSION = YES;
				CLANG_WARN_CONSTANT_CONVERSION = YES;
				CLANG_WARN_DIRECT_OBJC_ISA_USAGE = YES_ERROR;
				CLANG_WARN_DOCUMENTATION_COMMENTS = YES;
				CLANG_WARN_EMPTY_BODY = YES;
				CLANG_WARN_ENUM_CONVERSION = YES;
				CLANG_WARN_INFINITE_RECURSION = YES;
				CLANG_WARN_INT_CONVERSION = YES;
				CLANG_WARN_OBJC_ROOT_CLASS = YES_ERROR;
				CLANG_WARN_SUSPICIOUS_MOVES = YES;
				CLANG_WARN_UNREACHABLE_CODE = YES;
				CLANG_WARN__DUPLICATE_METHOD_MATCH = YES;
				"CODE_SIGN_IDENTITY[sdk=iphoneos*]" = "iPhone Developer";
				COPY_PHASE_STRIP = NO;
				DEBUG_INFORMATION_FORMAT = dwarf;
				ENABLE_STRICT_OBJC_MSGSEND = YES;
				ENABLE_TESTABILITY = YES;
				GCC_C_LANGUAGE_STANDARD = gnu99;
				GCC_DYNAMIC_NO_PIC = NO;
				GCC_NO_COMMON_BLOCKS = YES;
				GCC_OPTIMIZATION_LEVEL = 0;
				GCC_PREPROCESSOR_DEFINITIONS = (
					"DEBUG=1",
					"$(inherited)",
				);
				GCC_WARN_64_TO_32_BIT_CONVERSION = YES;
				GCC_WARN_ABOUT_RETURN_TYPE = YES_ERROR;
				GCC_WARN_UNDECLARED_SELECTOR = YES;
				GCC_WARN_UNINITIALIZED_AUTOS = YES_AGGRESSIVE;
				GCC_WARN_UNUSED_FUNCTION = YES;
				GCC_WARN_UNUSED_VARIABLE = YES;
				IPHONEOS_DEPLOYMENT_TARGET = 10.0;
				MTL_ENABLE_DEBUG_INFO = YES;
				ONLY_ACTIVE_ARCH = YES;
				SDKROOT = iphoneos;
				SWIFT_ACTIVE_COMPILATION_CONDITIONS = DEBUG;
				SWIFT_OPTIMIZATION_LEVEL = "-Onone";
				TARGETED_DEVICE_FAMILY = "1,2";
			};
			name = Debug;
		};
		2D0623041DCE64960079E366 /* Release */ = {
			isa = XCBuildConfiguration;
			buildSettings = {
				ALWAYS_SEARCH_USER_PATHS = NO;
				CLANG_ANALYZER_NONNULL = YES;
				CLANG_CXX_LANGUAGE_STANDARD = "gnu++0x";
				CLANG_CXX_LIBRARY = "libc++";
				CLANG_ENABLE_MODULES = YES;
				CLANG_ENABLE_OBJC_ARC = YES;
				CLANG_WARN_BOOL_CONVERSION = YES;
				CLANG_WARN_CONSTANT_CONVERSION = YES;
				CLANG_WARN_DIRECT_OBJC_ISA_USAGE = YES_ERROR;
				CLANG_WARN_DOCUMENTATION_COMMENTS = YES;
				CLANG_WARN_EMPTY_BODY = YES;
				CLANG_WARN_ENUM_CONVERSION = YES;
				CLANG_WARN_INFINITE_RECURSION = YES;
				CLANG_WARN_INT_CONVERSION = YES;
				CLANG_WARN_OBJC_ROOT_CLASS = YES_ERROR;
				CLANG_WARN_SUSPICIOUS_MOVES = YES;
				CLANG_WARN_UNREACHABLE_CODE = YES;
				CLANG_WARN__DUPLICATE_METHOD_MATCH = YES;
				"CODE_SIGN_IDENTITY[sdk=iphoneos*]" = "iPhone Developer";
				COPY_PHASE_STRIP = NO;
				DEBUG_INFORMATION_FORMAT = "dwarf-with-dsym";
				ENABLE_NS_ASSERTIONS = NO;
				ENABLE_STRICT_OBJC_MSGSEND = YES;
				GCC_C_LANGUAGE_STANDARD = gnu99;
				GCC_NO_COMMON_BLOCKS = YES;
				GCC_WARN_64_TO_32_BIT_CONVERSION = YES;
				GCC_WARN_ABOUT_RETURN_TYPE = YES_ERROR;
				GCC_WARN_UNDECLARED_SELECTOR = YES;
				GCC_WARN_UNINITIALIZED_AUTOS = YES_AGGRESSIVE;
				GCC_WARN_UNUSED_FUNCTION = YES;
				GCC_WARN_UNUSED_VARIABLE = YES;
				IPHONEOS_DEPLOYMENT_TARGET = 10.0;
				MTL_ENABLE_DEBUG_INFO = NO;
				SDKROOT = iphoneos;
				SWIFT_OPTIMIZATION_LEVEL = "-Owholemodule";
				TARGETED_DEVICE_FAMILY = "1,2";
				VALIDATE_PRODUCT = YES;
			};
			name = Release;
		};
		2D0623061DCE64960079E366 /* Debug */ = {
			isa = XCBuildConfiguration;
			buildSettings = {
				ASSETCATALOG_COMPILER_APPICON_NAME = AppIcon;
				INFOPLIST_FILE = HandlingOrientations/Info.plist;
				LD_RUNPATH_SEARCH_PATHS = "$(inherited) @executable_path/Frameworks";
				PRODUCT_BUNDLE_IDENTIFIER = com.gruprog.HandlingOrientations;
				PRODUCT_NAME = "$(TARGET_NAME)";
				SWIFT_VERSION = 3.0;
			};
			name = Debug;
		};
		2D0623071DCE64960079E366 /* Release */ = {
			isa = XCBuildConfiguration;
			buildSettings = {
				ASSETCATALOG_COMPILER_APPICON_NAME = AppIcon;
				INFOPLIST_FILE = HandlingOrientations/Info.plist;
				LD_RUNPATH_SEARCH_PATHS = "$(inherited) @executable_path/Frameworks";
				PRODUCT_BUNDLE_IDENTIFIER = com.gruprog.HandlingOrientations;
				PRODUCT_NAME = "$(TARGET_NAME)";
				SWIFT_VERSION = 3.0;
			};
			name = Release;
		};
/* End XCBuildConfiguration section */

/* Begin XCConfigurationList section */
		2D0622EE1DCE64960079E366 /* Build configuration list for PBXProject "HandlingOrientations" */ = {
			isa = XCConfigurationList;
			buildConfigurations = (
				2D0623031DCE64960079E366 /* Debug */,
				2D0623041DCE64960079E366 /* Release */,
			);
			defaultConfigurationIsVisible = 0;
			defaultConfigurationName = Release;
		};
		2D0623051DCE64960079E366 /* Build configuration list for PBXNativeTarget "HandlingOrientations" */ = {
			isa = XCConfigurationList;
			buildConfigurations = (
				2D0623061DCE64960079E366 /* Debug */,
				2D0623071DCE64960079E366 /* Release */,
			);
			defaultConfigurationIsVisible = 0;
		};
/* End XCConfigurationList section */
	};
	rootObject = 2D0622EB1DCE64960079E366 /* Project object */;
}
