// !$*UTF8*$!
{
	archiveVersion = 1;
	classes = {
	};
	objectVersion = 46;
	objects = {

/* Begin PBXBuildFile section */
		2DB2F6971BEA753700C5265F /* AppDelegate.swift in Sources */ = {isa = PBXBuildFile; fileRef = 2DB2F6961BEA753700C5265F /* AppDelegate.swift */; };
		2DB2F6991BEA753700C5265F /* ViewController.swift in Sources */ = {isa = PBXBuildFile; fileRef = 2DB2F6981BEA753700C5265F /* ViewController.swift */; };
		2DB2F69C1BEA753700C5265F /* Main.storyboard in Resources */ = {isa = PBXBuildFile; fileRef = 2DB2F69A1BEA753700C5265F /* Main.storyboard */; };
		2DB2F69E1BEA753700C5265F /* Images.xcassets in Resources */ = {isa = PBXBuildFile; fileRef = 2DB2F69D1BEA753700C5265F /* Images.xcassets */; };
		2DB2F6A11BEA753700C5265F /* LaunchScreen.xib in Resources */ = {isa = PBXBuildFile; fileRef = 2DB2F69F1BEA753700C5265F /* LaunchScreen.xib */; };
		2DB2F6AD1BEA753700C5265F /* HelloWorldTests.swift in Sources */ = {isa = PBXBuildFile; fileRef = 2DB2F6AC1BEA753700C5265F /* HelloWorldTests.swift */; };
/* End PBXBuildFile section */

/* Begin PBXContainerItemProxy section */
		2DB2F6A71BEA753700C5265F /* PBXContainerItemProxy */ = {
			isa = PBXContainerItemProxy;
			containerPortal = 2DB2F6891BEA753600C5265F /* Project object */;
			proxyType = 1;
			remoteGlobalIDString = 2DB2F6901BEA753700C5265F;
			remoteInfo = HelloWorld;
		};
/* End PBXContainerItemProxy section */

/* Begin PBXFileReference section */
		2DB2F6911BEA753700C5265F /* HelloWorld.app */ = {isa = PBXFileReference; explicitFileType = wrapper.application; includeInIndex = 0; path = HelloWorld.app; sourceTree = BUILT_PRODUCTS_DIR; };
		2DB2F6951BEA753700C5265F /* Info.plist */ = {isa = PBXFileReference; lastKnownFileType = text.plist.xml; path = Info.plist; sourceTree = "<group>"; };
		2DB2F6961BEA753700C5265F /* AppDelegate.swift */ = {isa = PBXFileReference; lastKnownFileType = sourcecode.swift; path = AppDelegate.swift; sourceTree = "<group>"; };
		2DB2F6981BEA753700C5265F /* ViewController.swift */ = {isa = PBXFileReference; lastKnownFileType = sourcecode.swift; path = ViewController.swift; sourceTree = "<group>"; };
		2DB2F69B1BEA753700C5265F /* Base */ = {isa = PBXFileReference; lastKnownFileType = file.storyboard; name = Base; path = Base.lproj/Main.storyboard; sourceTree = "<group>"; };
		2DB2F69D1BEA753700C5265F /* Images.xcassets */ = {isa = PBXFileReference; lastKnownFileType = folder.assetcatalog; path = Images.xcassets; sourceTree = "<group>"; };
		2DB2F6A01BEA753700C5265F /* Base */ = {isa = PBXFileReference; lastKnownFileType = file.xib; name = Base; path = Base.lproj/LaunchScreen.xib; sourceTree = "<group>"; };
		2DB2F6A61BEA753700C5265F /* HelloWorldTests.xctest */ = {isa = PBXFileReference; explicitFileType = wrapper.cfbundle; includeInIndex = 0; path = HelloWorldTests.xctest; sourceTree = BUILT_PRODUCTS_DIR; };
		2DB2F6AB1BEA753700C5265F /* Info.plist */ = {isa = PBXFileReference; lastKnownFileType = text.plist.xml; path = Info.plist; sourceTree = "<group>"; };
		2DB2F6AC1BEA753700C5265F /* HelloWorldTests.swift */ = {isa = PBXFileReference; lastKnownFileType = sourcecode.swift; path = HelloWorldTests.swift; sourceTree = "<group>"; };
/* End PBXFileReference section */

/* Begin PBXFrameworksBuildPhase section */
		2DB2F68E1BEA753700C5265F /* Frameworks */ = {
			isa = PBXFrameworksBuildPhase;
			buildActionMask = 2147483647;
			files = (
			);
			runOnlyForDeploymentPostprocessing = 0;
		};
		2DB2F6A31BEA753700C5265F /* Frameworks */ = {
			isa = PBXFrameworksBuildPhase;
			buildActionMask = 2147483647;
			files = (
			);
			runOnlyForDeploymentPostprocessing = 0;
		};
/* End PBXFrameworksBuildPhase section */

/* Begin PBXGroup section */
		2DB2F6881BEA753600C5265F = {
			isa = PBXGroup;
			children = (
				2DB2F6931BEA753700C5265F /* HelloWorld */,
				2DB2F6A91BEA753700C5265F /* HelloWorldTests */,
				2DB2F6921BEA753700C5265F /* Products */,
			);
			sourceTree = "<group>";
		};
		2DB2F6921BEA753700C5265F /* Products */ = {
			isa = PBXGroup;
			children = (
				2DB2F6911BEA753700C5265F /* HelloWorld.app */,
				2DB2F6A61BEA753700C5265F /* HelloWorldTests.xctest */,
			);
			name = Products;
			sourceTree = "<group>";
		};
		2DB2F6931BEA753700C5265F /* HelloWorld */ = {
			isa = PBXGroup;
			children = (
				2DB2F6961BEA753700C5265F /* AppDelegate.swift */,
				2DB2F6981BEA753700C5265F /* ViewController.swift */,
				2DB2F69A1BEA753700C5265F /* Main.storyboard */,
				2DB2F69D1BEA753700C5265F /* Images.xcassets */,
				2DB2F69F1BEA753700C5265F /* LaunchScreen.xib */,
				2DB2F6941BEA753700C5265F /* Supporting Files */,
			);
			path = HelloWorld;
			sourceTree = "<group>";
		};
		2DB2F6941BEA753700C5265F /* Supporting Files */ = {
			isa = PBXGroup;
			children = (
				2DB2F6951BEA753700C5265F /* Info.plist */,
			);
			name = "Supporting Files";
			sourceTree = "<group>";
		};
		2DB2F6A91BEA753700C5265F /* HelloWorldTests */ = {
			isa = PBXGroup;
			children = (
				2DB2F6AC1BEA753700C5265F /* HelloWorldTests.swift */,
				2DB2F6AA1BEA753700C5265F /* Supporting Files */,
			);
			path = HelloWorldTests;
			sourceTree = "<group>";
		};
		2DB2F6AA1BEA753700C5265F /* Supporting Files */ = {
			isa = PBXGroup;
			children = (
				2DB2F6AB1BEA753700C5265F /* Info.plist */,
			);
			name = "Supporting Files";
			sourceTree = "<group>";
		};
/* End PBXGroup section */

/* Begin PBXNativeTarget section */
		2DB2F6901BEA753700C5265F /* HelloWorld */ = {
			isa = PBXNativeTarget;
			buildConfigurationList = 2DB2F6B01BEA753700C5265F /* Build configuration list for PBXNativeTarget "HelloWorld" */;
			buildPhases = (
				2DB2F68D1BEA753700C5265F /* Sources */,
				2DB2F68E1BEA753700C5265F /* Frameworks */,
				2DB2F68F1BEA753700C5265F /* Resources */,
			);
			buildRules = (
			);
			dependencies = (
			);
			name = HelloWorld;
			productName = HelloWorld;
			productReference = 2DB2F6911BEA753700C5265F /* HelloWorld.app */;
			productType = "com.apple.product-type.application";
		};
		2DB2F6A51BEA753700C5265F /* HelloWorldTests */ = {
			isa = PBXNativeTarget;
			buildConfigurationList = 2DB2F6B31BEA753700C5265F /* Build configuration list for PBXNativeTarget "HelloWorldTests" */;
			buildPhases = (
				2DB2F6A21BEA753700C5265F /* Sources */,
				2DB2F6A31BEA753700C5265F /* Frameworks */,
				2DB2F6A41BEA753700C5265F /* Resources */,
			);
			buildRules = (
			);
			dependencies = (
				2DB2F6A81BEA753700C5265F /* PBXTargetDependency */,
			);
			name = HelloWorldTests;
			productName = HelloWorldTests;
			productReference = 2DB2F6A61BEA753700C5265F /* HelloWorldTests.xctest */;
			productType = "com.apple.product-type.bundle.unit-test";
		};
/* End PBXNativeTarget section */

/* Begin PBXProject section */
		2DB2F6891BEA753600C5265F /* Project object */ = {
			isa = PBXProject;
			attributes = {
				LastUpgradeCheck = 0640;
				ORGANIZATIONNAME = droid;
				TargetAttributes = {
					2DB2F6901BEA753700C5265F = {
						CreatedOnToolsVersion = 6.4;
					};
					2DB2F6A51BEA753700C5265F = {
						CreatedOnToolsVersion = 6.4;
						TestTargetID = 2DB2F6901BEA753700C5265F;
					};
				};
			};
			buildConfigurationList = 2DB2F68C1BEA753600C5265F /* Build configuration list for PBXProject "HelloWorld" */;
			compatibilityVersion = "Xcode 3.2";
			developmentRegion = English;
			hasScannedForEncodings = 0;
			knownRegions = (
				en,
				Base,
			);
			mainGroup = 2DB2F6881BEA753600C5265F;
			productRefGroup = 2DB2F6921BEA753700C5265F /* Products */;
			projectDirPath = "";
			projectRoot = "";
			targets = (
				2DB2F6901BEA753700C5265F /* HelloWorld */,
				2DB2F6A51BEA753700C5265F /* HelloWorldTests */,
			);
		};
/* End PBXProject section */

/* Begin PBXResourcesBuildPhase section */
		2DB2F68F1BEA753700C5265F /* Resources */ = {
			isa = PBXResourcesBuildPhase;
			buildActionMask = 2147483647;
			files = (
				2DB2F69C1BEA753700C5265F /* Main.storyboard in Resources */,
				2DB2F6A11BEA753700C5265F /* LaunchScreen.xib in Resources */,
				2DB2F69E1BEA753700C5265F /* Images.xcassets in Resources */,
			);
			runOnlyForDeploymentPostprocessing = 0;
		};
		2DB2F6A41BEA753700C5265F /* Resources */ = {
			isa = PBXResourcesBuildPhase;
			buildActionMask = 2147483647;
			files = (
			);
			runOnlyForDeploymentPostprocessing = 0;
		};
/* End PBXResourcesBuildPhase section */

/* Begin PBXSourcesBuildPhase section */
		2DB2F68D1BEA753700C5265F /* Sources */ = {
			isa = PBXSourcesBuildPhase;
			buildActionMask = 2147483647;
			files = (
				2DB2F6991BEA753700C5265F /* ViewController.swift in Sources */,
				2DB2F6971BEA753700C5265F /* AppDelegate.swift in Sources */,
			);
			runOnlyForDeploymentPostprocessing = 0;
		};
		2DB2F6A21BEA753700C5265F /* Sources */ = {
			isa = PBXSourcesBuildPhase;
			buildActionMask = 2147483647;
			files = (
				2DB2F6AD1BEA753700C5265F /* HelloWorldTests.swift in Sources */,
			);
			runOnlyForDeploymentPostprocessing = 0;
		};
/* End PBXSourcesBuildPhase section */

/* Begin PBXTargetDependency section */
		2DB2F6A81BEA753700C5265F /* PBXTargetDependency */ = {
			isa = PBXTargetDependency;
			target = 2DB2F6901BEA753700C5265F /* HelloWorld */;
			targetProxy = 2DB2F6A71BEA753700C5265F /* PBXContainerItemProxy */;
		};
/* End PBXTargetDependency section */

/* Begin PBXVariantGroup section */
		2DB2F69A1BEA753700C5265F /* Main.storyboard */ = {
			isa = PBXVariantGroup;
			children = (
				2DB2F69B1BEA753700C5265F /* Base */,
			);
			name = Main.storyboard;
			sourceTree = "<group>";
		};
		2DB2F69F1BEA753700C5265F /* LaunchScreen.xib */ = {
			isa = PBXVariantGroup;
			children = (
				2DB2F6A01BEA753700C5265F /* Base */,
			);
			name = LaunchScreen.xib;
			sourceTree = "<group>";
		};
/* End PBXVariantGroup section */

/* Begin XCBuildConfiguration section */
		2DB2F6AE1BEA753700C5265F /* Debug */ = {
			isa = XCBuildConfiguration;
			buildSettings = {
				ALWAYS_SEARCH_USER_PATHS = NO;
				CLANG_CXX_LANGUAGE_STANDARD = "gnu++0x";
				CLANG_CXX_LIBRARY = "libc++";
				CLANG_ENABLE_MODULES = YES;
				CLANG_ENABLE_OBJC_ARC = YES;
				CLANG_WARN_BOOL_CONVERSION = YES;
				CLANG_WARN_CONSTANT_CONVERSION = YES;
				CLANG_WARN_DIRECT_OBJC_ISA_USAGE = YES_ERROR;
				CLANG_WARN_EMPTY_BODY = YES;
				CLANG_WARN_ENUM_CONVERSION = YES;
				CLANG_WARN_INT_CONVERSION = YES;
				CLANG_WARN_OBJC_ROOT_CLASS = YES_ERROR;
				CLANG_WARN_UNREACHABLE_CODE = YES;
				CLANG_WARN__DUPLICATE_METHOD_MATCH = YES;
				"CODE_SIGN_IDENTITY[sdk=iphoneos*]" = "iPhone Developer";
				COPY_PHASE_STRIP = NO;
				DEBUG_INFORMATION_FORMAT = "dwarf-with-dsym";
				ENABLE_STRICT_OBJC_MSGSEND = YES;
				GCC_C_LANGUAGE_STANDARD = gnu99;
				GCC_DYNAMIC_NO_PIC = NO;
				GCC_NO_COMMON_BLOCKS = YES;
				GCC_OPTIMIZATION_LEVEL = 0;
				GCC_PREPROCESSOR_DEFINITIONS = (
					"DEBUG=1",
					"$(inherited)",
				);
				GCC_SYMBOLS_PRIVATE_EXTERN = NO;
				GCC_WARN_64_TO_32_BIT_CONVERSION = YES;
				GCC_WARN_ABOUT_RETURN_TYPE = YES_ERROR;
				GCC_WARN_UNDECLARED_SELECTOR = YES;
				GCC_WARN_UNINITIALIZED_AUTOS = YES_AGGRESSIVE;
				GCC_WARN_UNUSED_FUNCTION = YES;
				GCC_WARN_UNUSED_VARIABLE = YES;
				IPHONEOS_DEPLOYMENT_TARGET = 8.4;
				MTL_ENABLE_DEBUG_INFO = YES;
				ONLY_ACTIVE_ARCH = YES;
				SDKROOT = iphoneos;
				SWIFT_OPTIMIZATION_LEVEL = "-Onone";
				TARGETED_DEVICE_FAMILY = "1,2";
			};
			name = Debug;
		};
		2DB2F6AF1BEA753700C5265F /* Release */ = {
			isa = XCBuildConfiguration;
			buildSettings = {
				ALWAYS_SEARCH_USER_PATHS = NO;
				CLANG_CXX_LANGUAGE_STANDARD = "gnu++0x";
				CLANG_CXX_LIBRARY = "libc++";
				CLANG_ENABLE_MODULES = YES;
				CLANG_ENABLE_OBJC_ARC = YES;
				CLANG_WARN_BOOL_CONVERSION = YES;
				CLANG_WARN_CONSTANT_CONVERSION = YES;
				CLANG_WARN_DIRECT_OBJC_ISA_USAGE = YES_ERROR;
				CLANG_WARN_EMPTY_BODY = YES;
				CLANG_WARN_ENUM_CONVERSION = YES;
				CLANG_WARN_INT_CONVERSION = YES;
				CLANG_WARN_OBJC_ROOT_CLASS = YES_ERROR;
				CLANG_WARN_UNREACHABLE_CODE = YES;
				CLANG_WARN__DUPLICATE_METHOD_MATCH = YES;
				"CODE_SIGN_IDENTITY[sdk=iphoneos*]" = "iPhone Developer";
				COPY_PHASE_STRIP = NO;
				DEBUG_INFORMATION_FORMAT = "dwarf-with-dsym";
				ENABLE_NS_ASSERTIONS = NO;
				ENABLE_STRICT_OBJC_MSGSEND = YES;
				GCC_C_LANGUAGE_STANDARD = gnu99;
				GCC_NO_COMMON_BLOCKS = YES;
				GCC_WARN_64_TO_32_BIT_CONVERSION = YES;
				GCC_WARN_ABOUT_RETURN_TYPE = YES_ERROR;
				GCC_WARN_UNDECLARED_SELECTOR = YES;
				GCC_WARN_UNINITIALIZED_AUTOS = YES_AGGRESSIVE;
				GCC_WARN_UNUSED_FUNCTION = YES;
				GCC_WARN_UNUSED_VARIABLE = YES;
				IPHONEOS_DEPLOYMENT_TARGET = 8.4;
				MTL_ENABLE_DEBUG_INFO = NO;
				SDKROOT = iphoneos;
				TARGETED_DEVICE_FAMILY = "1,2";
				VALIDATE_PRODUCT = YES;
			};
			name = Release;
		};
		2DB2F6B11BEA753700C5265F /* Debug */ = {
			isa = XCBuildConfiguration;
			buildSettings = {
				ASSETCATALOG_COMPILER_APPICON_NAME = AppIcon;
				INFOPLIST_FILE = HelloWorld/Info.plist;
				LD_RUNPATH_SEARCH_PATHS = "$(inherited) @executable_path/Frameworks";
				PRODUCT_NAME = "$(TARGET_NAME)";
			};
			name = Debug;
		};
		2DB2F6B21BEA753700C5265F /* Release */ = {
			isa = XCBuildConfiguration;
			buildSettings = {
				ASSETCATALOG_COMPILER_APPICON_NAME = AppIcon;
				INFOPLIST_FILE = HelloWorld/Info.plist;
				LD_RUNPATH_SEARCH_PATHS = "$(inherited) @executable_path/Frameworks";
				PRODUCT_NAME = "$(TARGET_NAME)";
			};
			name = Release;
		};
		2DB2F6B41BEA753700C5265F /* Debug */ = {
			isa = XCBuildConfiguration;
			buildSettings = {
				BUNDLE_LOADER = "$(TEST_HOST)";
				FRAMEWORK_SEARCH_PATHS = (
					"$(SDKROOT)/Developer/Library/Frameworks",
					"$(inherited)",
				);
				GCC_PREPROCESSOR_DEFINITIONS = (
					"DEBUG=1",
					"$(inherited)",
				);
				INFOPLIST_FILE = HelloWorldTests/Info.plist;
				LD_RUNPATH_SEARCH_PATHS = "$(inherited) @executable_path/Frameworks @loader_path/Frameworks";
				PRODUCT_NAME = "$(TARGET_NAME)";
				TEST_HOST = "$(BUILT_PRODUCTS_DIR)/HelloWorld.app/HelloWorld";
			};
			name = Debug;
		};
		2DB2F6B51BEA753700C5265F /* Release */ = {
			isa = XCBuildConfiguration;
			buildSettings = {
				BUNDLE_LOADER = "$(TEST_HOST)";
				FRAMEWORK_SEARCH_PATHS = (
					"$(SDKROOT)/Developer/Library/Frameworks",
					"$(inherited)",
				);
				INFOPLIST_FILE = HelloWorldTests/Info.plist;
				LD_RUNPATH_SEARCH_PATHS = "$(inherited) @executable_path/Frameworks @loader_path/Frameworks";
				PRODUCT_NAME = "$(TARGET_NAME)";
				TEST_HOST = "$(BUILT_PRODUCTS_DIR)/HelloWorld.app/HelloWorld";
			};
			name = Release;
		};
/* End XCBuildConfiguration section */

/* Begin XCConfigurationList section */
		2DB2F68C1BEA753600C5265F /* Build configuration list for PBXProject "HelloWorld" */ = {
			isa = XCConfigurationList;
			buildConfigurations = (
				2DB2F6AE1BEA753700C5265F /* Debug */,
				2DB2F6AF1BEA753700C5265F /* Release */,
			);
			defaultConfigurationIsVisible = 0;
			defaultConfigurationName = Release;
		};
		2DB2F6B01BEA753700C5265F /* Build configuration list for PBXNativeTarget "HelloWorld" */ = {
			isa = XCConfigurationList;
			buildConfigurations = (
				2DB2F6B11BEA753700C5265F /* Debug */,
				2DB2F6B21BEA753700C5265F /* Release */,
			);
			defaultConfigurationIsVisible = 0;
		};
		2DB2F6B31BEA753700C5265F /* Build configuration list for PBXNativeTarget "HelloWorldTests" */ = {
			isa = XCConfigurationList;
			buildConfigurations = (
				2DB2F6B41BEA753700C5265F /* Debug */,
				2DB2F6B51BEA753700C5265F /* Release */,
			);
			defaultConfigurationIsVisible = 0;
		};
/* End XCConfigurationList section */
	};
	rootObject = 2DB2F6891BEA753600C5265F /* Project object */;
}
